
Microsoft Visual Studio Solution File, Format Version 12.00
# Visual Studio Version 17
VisualStudioVersion = 17.5.002.0
MinimumVisualStudioVersion = 10.0.40219.1
Project("{9A19103F-16F7-4668-BE54-9A1E7A4F7556}") = "Anto.Abp.React.Template", "Anto.Abp.React.Template.csproj", "{41406672-7664-438D-B993-4D1D27AAEF2B}"
EndProject
Global
	GlobalSection(SolutionConfigurationPlatforms) = preSolution
		Debug|Any CPU = Debug|Any CPU
		Release|Any CPU = Release|Any CPU
	EndGlobalSection
	GlobalSection(ProjectConfigurationPlatforms) = postSolution
		{41406672-7664-438D-B993-4D1D27AAEF2B}.Debug|Any CPU.ActiveCfg = Debug|Any CPU
		{41406672-7664-438D-B993-4D1D27AAEF2B}.Debug|Any CPU.Build.0 = Debug|Any CPU
		{41406672-7664-438D-B993-4D1D27AAEF2B}.Release|Any CPU.ActiveCfg = Release|Any CPU
		{41406672-7664-438D-B993-4D1D27AAEF2B}.Release|Any CPU.Build.0 = Release|Any CPU
	EndGlobalSection
	GlobalSection(SolutionProperties) = preSolution
		HideSolutionNode = FALSE
	EndGlobalSection
	GlobalSection(ExtensibilityGlobals) = postSolution
		SolutionGuid = {B881A7F7-785C-488B-B803-D65063C9999E}
	EndGlobalSection
EndGlobal
