
Microsoft Visual Studio Solution File, Format Version 12.00
# Visual Studio Version 17
VisualStudioVersion = 17.5.002.0
MinimumVisualStudioVersion = 10.0.40219.1
Project("{9A19103F-16F7-4668-BE54-9A1E7A4F7556}") = "Anto.Abp.React.Template", "Anto.Abp.React.Template.csproj", "{BDED1182-1A0A-4AD9-AB05-444A12DB48F8}"
EndProject
Global
	GlobalSection(SolutionConfigurationPlatforms) = preSolution
		Debug|Any CPU = Debug|Any CPU
		Release|Any CPU = Release|Any CPU
	EndGlobalSection
	GlobalSection(ProjectConfigurationPlatforms) = postSolution
		{BDED1182-1A0A-4AD9-AB05-444A12DB48F8}.Debug|Any CPU.ActiveCfg = Debug|Any CPU
		{BDED1182-1A0A-4AD9-AB05-444A12DB48F8}.Debug|Any CPU.Build.0 = Debug|Any CPU
		{BDED1182-1A0A-4AD9-AB05-444A12DB48F8}.Release|Any CPU.ActiveCfg = Release|Any CPU
		{BDED1182-1A0A-4AD9-AB05-444A12DB48F8}.Release|Any CPU.Build.0 = Release|Any CPU
	EndGlobalSection
	GlobalSection(SolutionProperties) = preSolution
		HideSolutionNode = FALSE
	EndGlobalSection
	GlobalSection(ExtensibilityGlobals) = postSolution
		SolutionGuid = {CCB7D700-ADA5-4156-8685-7C1764A22D9C}
	EndGlobalSection
EndGlobal
